<?xml version="1.0" encoding="utf-8"?>
<Project ToolsVersion="4.0" xmlns="http://schemas.microsoft.com/developer/msbuild/2003">
  <ItemGroup>
    <Filter Include="리소스 파일">
      <UniqueIdentifier>{67DA6AB6-F800-4c08-8B7A-83BB121AAD01}</UniqueIdentifier>
      <Extensions>rc;ico;cur;bmp;dlg;rc2;rct;bin;rgs;gif;jpg;jpeg;jpe;resx;tiff;tif;png;wav;mfcribbon-ms</Extensions>
    </Filter>
    <Filter Include="프로그래머스">
      <UniqueIdentifier>{4FC737F1-C7A5-4376-A066-2A32D752A2FF}</UniqueIdentifier>
      <Extensions>cpp;c;cc;cxx;c++;cppm;ixx;def;odl;idl;hpj;bat;asm;asmx</Extensions>
    </Filter>
    <Filter Include="큐">
      <UniqueIdentifier>{5a65da13-da5d-4c0b-9c58-8e063c2fe1d6}</UniqueIdentifier>
    </Filter>
    <Filter Include="해시">
      <UniqueIdentifier>{93995380-89BD-4b04-88EB-625FBE52EBFB}</UniqueIdentifier>
      <Extensions>h;hh;hpp;hxx;h++;hm;inl;inc;ipp;xsd</Extensions>
    </Filter>
    <Filter Include="트리">
      <UniqueIdentifier>{493d70ad-5223-4a92-842c-67cebd7872aa}</UniqueIdentifier>
    </Filter>
    <Filter Include="집합">
      <UniqueIdentifier>{d2624501-e193-44dc-8bfa-97a2693ce51b}</UniqueIdentifier>
    </Filter>
  </ItemGroup>
  <ItemGroup>
    <ClCompile Include="이동길이.cpp">
      <Filter>프로그래머스</Filter>
    </ClCompile>
    <ClCompile Include="스택몸풀기1.cpp">
      <Filter>프로그래머스</Filter>
    </ClCompile>
    <ClCompile Include="스택몸풀기2.cpp">
      <Filter>프로그래머스</Filter>
    </ClCompile>
    <ClCompile Include="괄호회전.cpp">
      <Filter>프로그래머스</Filter>
    </ClCompile>
    <ClCompile Include="짝지어제거하기.cpp">
      <Filter>프로그래머스</Filter>
    </ClCompile>
    <ClCompile Include="크레인인형뽑기.cpp">
      <Filter>프로그래머스</Filter>
    </ClCompile>
    <ClCompile Include="표편집.cpp">
      <Filter>프로그래머스</Filter>
    </ClCompile>
    <ClCompile Include="표편집RETRY.cpp">
      <Filter>프로그래머스</Filter>
    </ClCompile>
    <ClCompile Include="요세푸스.cpp">
      <Filter>큐</Filter>
    </ClCompile>
    <ClCompile Include="기능개발.cpp">
      <Filter>큐</Filter>
    </ClCompile>
    <ClCompile Include="기능개발Ａ.cpp">
      <Filter>큐</Filter>
    </ClCompile>
    <ClCompile Include="카드뭉치.cpp">
      <Filter>큐</Filter>
    </ClCompile>
    <ClCompile Include="몸풀기특정값만들기.cpp">
      <Filter>해시</Filter>
    </ClCompile>
    <ClCompile Include="몸풀기검색함수만들기.cpp">
      <Filter>해시</Filter>
    </ClCompile>
    <ClCompile Include="완주하지못한선수.cpp">
      <Filter>해시</Filter>
    </ClCompile>
    <ClCompile Include="영어끝말잇기.cpp">
      <Filter>해시</Filter>
    </ClCompile>
    <ClCompile Include="영어끝말잇기Retry.cpp">
      <Filter>해시</Filter>
    </ClCompile>
    <ClCompile Include="전화번호목록.cpp">
      <Filter>해시</Filter>
    </ClCompile>
    <ClCompile Include="할인행사.cpp">
      <Filter>해시</Filter>
    </ClCompile>
    <ClCompile Include="오픈채팅방.cpp">
      <Filter>해시</Filter>
    </ClCompile>
    <ClCompile Include="오픈채팅방정석풀이.cpp">
      <Filter>해시</Filter>
    </ClCompile>
    <ClCompile Include="베스트앨범.cpp">
      <Filter>해시</Filter>
    </ClCompile>
    <ClCompile Include="신고결과받기.cpp">
      <Filter>해시</Filter>
    </ClCompile>
    <ClCompile Include="메뉴리뉴얼.cpp">
      <Filter>해시</Filter>
    </ClCompile>
    <ClCompile Include="메뉴리뉴얼정석풀이.cpp">
      <Filter>해시</Filter>
    </ClCompile>
    <ClCompile Include="트리순회.cpp">
      <Filter>트리</Filter>
    </ClCompile>
    <ClCompile Include="이진탐색트리구현.cpp">
      <Filter>트리</Filter>
    </ClCompile>
    <ClCompile Include="예상대진표.cpp">
      <Filter>트리</Filter>
    </ClCompile>
    <ClCompile Include="다단계칫솔판매.cpp">
      <Filter>트리</Filter>
    </ClCompile>
    <ClCompile Include="길찾기게임.cpp">
      <Filter>트리</Filter>
    </ClCompile>
    <ClCompile Include="유니온파인드알고리즘.cpp">
      <Filter>집합</Filter>
    </ClCompile>
  </ItemGroup>
</Project>